lockfileVersion: 5.4

specifiers:
  chrome-aws-lambda: ^10.1.0
  next: 12.2.0
  puppeteer-core: ^15.3.0
  react: 18.2.0
  react-dom: 18.2.0

dependencies:
  chrome-aws-lambda: registry.npmjs.org/chrome-aws-lambda/10.1.0_puppeteer-core@15.3.0
  next: registry.npmjs.org/next/12.2.0_biqbaboplfbrettd7655fr4n2y
  puppeteer-core: registry.npmjs.org/puppeteer-core/15.3.0
  react: registry.npmjs.org/react/18.2.0
  react-dom: registry.npmjs.org/react-dom/18.2.0_react@18.2.0

packages:

  registry.npmjs.org/@next/env/12.2.0:
    resolution: {integrity: sha512-/FCkDpL/8SodJEXvx/DYNlOD5ijTtkozf4PPulYPtkPOJaMPpBSOkzmsta4fnrnbdH6eZjbwbiXFdr6gSQCV4w==, registry: https://registry.npmjs.com/, tarball: https://registry.npmjs.org/@next/env/-/env-12.2.0.tgz}
    name: '@next/env'
    version: 12.2.0
    dev: false

  registry.npmjs.org/@next/swc-android-arm-eabi/12.2.0:
    resolution: {integrity: sha512-hbneH8DNRB2x0Nf5fPCYoL8a0osvdTCe4pvOc9Rv5CpDsoOlf8BWBs2OWpeP0U2BktGvIsuUhmISmdYYGyrvTw==, registry: https://registry.npmjs.com/, tarball: https://registry.npmjs.org/@next/swc-android-arm-eabi/-/swc-android-arm-eabi-12.2.0.tgz}
    name: '@next/swc-android-arm-eabi'
    version: 12.2.0
    engines: {node: '>= 10'}
    cpu: [arm]
    os: [android]
    requiresBuild: true
    dev: false
    optional: true

  registry.npmjs.org/@next/swc-android-arm64/12.2.0:
    resolution: {integrity: sha512-1eEk91JHjczcJomxJ8X0XaUeNcp5Lx1U2Ic7j15ouJ83oRX+3GIslOuabW2oPkSgXbHkThMClhirKpvG98kwZg==, registry: https://registry.npmjs.com/, tarball: https://registry.npmjs.org/@next/swc-android-arm64/-/swc-android-arm64-12.2.0.tgz}
    name: '@next/swc-android-arm64'
    version: 12.2.0
    engines: {node: '>= 10'}
    cpu: [arm64]
    os: [android]
    requiresBuild: true
    dev: false
    optional: true

  registry.npmjs.org/@next/swc-darwin-arm64/12.2.0:
    resolution: {integrity: sha512-x5U5gJd7ZvrEtTFnBld9O2bUlX8opu7mIQUqRzj7KeWzBwPhrIzTTsQXAiNqsaMuaRPvyHBVW/5d/6g6+89Y8g==, registry: https://registry.npmjs.com/, tarball: https://registry.npmjs.org/@next/swc-darwin-arm64/-/swc-darwin-arm64-12.2.0.tgz}
    name: '@next/swc-darwin-arm64'
    version: 12.2.0
    engines: {node: '>= 10'}
    cpu: [arm64]
    os: [darwin]
    requiresBuild: true
    dev: false
    optional: true

  registry.npmjs.org/@next/swc-darwin-x64/12.2.0:
    resolution: {integrity: sha512-iwMNFsrAPjfedjKDv9AXPAV16PWIomP3qw/FfPaxkDVRbUls7BNdofBLzkQmqxqWh93WrawLwaqyXpJuAaiwJA==, registry: https://registry.npmjs.com/, tarball: https://registry.npmjs.org/@next/swc-darwin-x64/-/swc-darwin-x64-12.2.0.tgz}
    name: '@next/swc-darwin-x64'
    version: 12.2.0
    engines: {node: '>= 10'}
    cpu: [x64]
    os: [darwin]
    requiresBuild: true
    dev: false
    optional: true

  registry.npmjs.org/@next/swc-freebsd-x64/12.2.0:
    resolution: {integrity: sha512-gRiAw8g3Akf6niTDLEm1Emfa7jXDjvaAj/crDO8hKASKA4Y1fS4kbi/tyWw5VtoFI4mUzRmCPmZ8eL0tBSG58A==, registry: https://registry.npmjs.com/, tarball: https://registry.npmjs.org/@next/swc-freebsd-x64/-/swc-freebsd-x64-12.2.0.tgz}
    name: '@next/swc-freebsd-x64'
    version: 12.2.0
    engines: {node: '>= 10'}
    cpu: [x64]
    os: [freebsd]
    requiresBuild: true
    dev: false
    optional: true

  registry.npmjs.org/@next/swc-linux-arm-gnueabihf/12.2.0:
    resolution: {integrity: sha512-/TJZkxaIpeEwnXh6A40trgwd40C5+LJroLUOEQwMOJdavLl62PjCA6dGl1pgooWLCIb5YdBQ0EG4ylzvLwS2+Q==, registry: https://registry.npmjs.com/, tarball: https://registry.npmjs.org/@next/swc-linux-arm-gnueabihf/-/swc-linux-arm-gnueabihf-12.2.0.tgz}
    name: '@next/swc-linux-arm-gnueabihf'
    version: 12.2.0
    engines: {node: '>= 10'}
    cpu: [arm]
    os: [linux]
    requiresBuild: true
    dev: false
    optional: true

  registry.npmjs.org/@next/swc-linux-arm64-gnu/12.2.0:
    resolution: {integrity: sha512-++WAB4ElXCSOKG9H8r4ENF8EaV+w0QkrpjehmryFkQXmt5juVXz+nKDVlCRMwJU7A1O0Mie82XyEoOrf6Np1pA==, registry: https://registry.npmjs.com/, tarball: https://registry.npmjs.org/@next/swc-linux-arm64-gnu/-/swc-linux-arm64-gnu-12.2.0.tgz}
    name: '@next/swc-linux-arm64-gnu'
    version: 12.2.0
    engines: {node: '>= 10'}
    cpu: [arm64]
    os: [linux]
    requiresBuild: true
    dev: false
    optional: true

  registry.npmjs.org/@next/swc-linux-arm64-musl/12.2.0:
    resolution: {integrity: sha512-XrqkHi/VglEn5zs2CYK6ofJGQySrd+Lr4YdmfJ7IhsCnMKkQY1ma9Hv5THwhZVof3e+6oFHrQ9bWrw9K4WTjFA==, registry: https://registry.npmjs.com/, tarball: https://registry.npmjs.org/@next/swc-linux-arm64-musl/-/swc-linux-arm64-musl-12.2.0.tgz}
    name: '@next/swc-linux-arm64-musl'
    version: 12.2.0
    engines: {node: '>= 10'}
    cpu: [arm64]
    os: [linux]
    requiresBuild: true
    dev: false
    optional: true

  registry.npmjs.org/@next/swc-linux-x64-gnu/12.2.0:
    resolution: {integrity: sha512-MyhHbAKVjpn065WzRbqpLu2krj4kHLi6RITQdD1ee+uxq9r2yg5Qe02l24NxKW+1/lkmpusl4Y5Lks7rBiJn4w==, registry: https://registry.npmjs.com/, tarball: https://registry.npmjs.org/@next/swc-linux-x64-gnu/-/swc-linux-x64-gnu-12.2.0.tgz}
    name: '@next/swc-linux-x64-gnu'
    version: 12.2.0
    engines: {node: '>= 10'}
    cpu: [x64]
    os: [linux]
    requiresBuild: true
    dev: false
    optional: true

  registry.npmjs.org/@next/swc-linux-x64-musl/12.2.0:
    resolution: {integrity: sha512-Tz1tJZ5egE0S/UqCd5V6ZPJsdSzv/8aa7FkwFmIJ9neLS8/00za+OY5pq470iZQbPrkTwpKzmfTTIPRVD5iqDg==, registry: https://registry.npmjs.com/, tarball: https://registry.npmjs.org/@next/swc-linux-x64-musl/-/swc-linux-x64-musl-12.2.0.tgz}
    name: '@next/swc-linux-x64-musl'
    version: 12.2.0
    engines: {node: '>= 10'}
    cpu: [x64]
    os: [linux]
    requiresBuild: true
    dev: false
    optional: true

  registry.npmjs.org/@next/swc-win32-arm64-msvc/12.2.0:
    resolution: {integrity: sha512-0iRO/CPMCdCYUzuH6wXLnsfJX1ykBX4emOOvH0qIgtiZM0nVYbF8lkEyY2ph4XcsurpinS+ziWuYCXVqrOSqiw==, registry: https://registry.npmjs.com/, tarball: https://registry.npmjs.org/@next/swc-win32-arm64-msvc/-/swc-win32-arm64-msvc-12.2.0.tgz}
    name: '@next/swc-win32-arm64-msvc'
    version: 12.2.0
    engines: {node: '>= 10'}
    cpu: [arm64]
    os: [win32]
    requiresBuild: true
    dev: false
    optional: true

  registry.npmjs.org/@next/swc-win32-ia32-msvc/12.2.0:
    resolution: {integrity: sha512-8A26RJVcJHwIKm8xo/qk2ePRquJ6WCI2keV2qOW/Qm+ZXrPXHMIWPYABae/nKN243YFBNyPiHytjX37VrcpUhg==, registry: https://registry.npmjs.com/, tarball: https://registry.npmjs.org/@next/swc-win32-ia32-msvc/-/swc-win32-ia32-msvc-12.2.0.tgz}
    name: '@next/swc-win32-ia32-msvc'
    version: 12.2.0
    engines: {node: '>= 10'}
    cpu: [ia32]
    os: [win32]
    requiresBuild: true
    dev: false
    optional: true

  registry.npmjs.org/@next/swc-win32-x64-msvc/12.2.0:
    resolution: {integrity: sha512-OI14ozFLThEV3ey6jE47zrzSTV/6eIMsvbwozo+XfdWqOPwQ7X00YkRx4GVMKMC0rM44oGS2gmwMKYpe4EblnA==, registry: https://registry.npmjs.com/, tarball: https://registry.npmjs.org/@next/swc-win32-x64-msvc/-/swc-win32-x64-msvc-12.2.0.tgz}
    name: '@next/swc-win32-x64-msvc'
    version: 12.2.0
    engines: {node: '>= 10'}
    cpu: [x64]
    os: [win32]
    requiresBuild: true
    dev: false
    optional: true

  registry.npmjs.org/@swc/helpers/0.4.2:
    resolution: {integrity: sha512-556Az0VX7WR6UdoTn4htt/l3zPQ7bsQWK+HqdG4swV7beUCxo/BqmvbOpUkTIm/9ih86LIf1qsUnywNL3obGHw==, registry: https://registry.npmjs.com/, tarball: https://registry.npmjs.org/@swc/helpers/-/helpers-0.4.2.tgz}
    name: '@swc/helpers'
    version: 0.4.2
    dependencies:
      tslib: registry.npmjs.org/tslib/2.4.0
    dev: false

  registry.npmjs.org/@types/node/18.0.0:
    resolution: {integrity: sha512-cHlGmko4gWLVI27cGJntjs/Sj8th9aYwplmZFwmmgYQQvL5NUsgVJG7OddLvNfLqYS31KFN0s3qlaD9qCaxACA==, registry: https://registry.npmjs.com/, tarball: https://registry.npmjs.org/@types/node/-/node-18.0.0.tgz}
    name: '@types/node'
    version: 18.0.0
    dev: false
    optional: true

  registry.npmjs.org/@types/yauzl/2.10.0:
    resolution: {integrity: sha512-Cn6WYCm0tXv8p6k+A8PvbDG763EDpBoTzHdA+Q/MF6H3sapGjCm9NzoaJncJS9tUKSuCoDs9XHxYYsQDgxR6kw==, registry: https://registry.npmjs.com/, tarball: https://registry.npmjs.org/@types/yauzl/-/yauzl-2.10.0.tgz}
    name: '@types/yauzl'
    version: 2.10.0
    requiresBuild: true
    dependencies:
      '@types/node': registry.npmjs.org/@types/node/18.0.0
    dev: false
    optional: true

  registry.npmjs.org/agent-base/6.0.2:
    resolution: {integrity: sha512-RZNwNclF7+MS/8bDg70amg32dyeZGZxiDuQmZxKLAlQjr3jGyLx+4Kkk58UO7D2QdgFIQCovuSuZESne6RG6XQ==, registry: https://registry.npmjs.com/, tarball: https://registry.npmjs.org/agent-base/-/agent-base-6.0.2.tgz}
    name: agent-base
    version: 6.0.2
    engines: {node: '>= 6.0.0'}
    dependencies:
      debug: registry.npmjs.org/debug/4.3.4
    transitivePeerDependencies:
      - supports-color
    dev: false

  registry.npmjs.org/balanced-match/1.0.2:
    resolution: {integrity: sha512-3oSeUO0TMV67hN1AmbXsK4yaqU7tjiHlbxRDZOpH0KW9+CeX4bRAaX0Anxt0tx2MrpRpWwQaPwIlISEJhYU5Pw==, registry: https://registry.npmjs.com/, tarball: https://registry.npmjs.org/balanced-match/-/balanced-match-1.0.2.tgz}
    name: balanced-match
    version: 1.0.2
    dev: false

  registry.npmjs.org/base64-js/1.5.1:
    resolution: {integrity: sha512-AKpaYlHn8t4SVbOHCy+b5+KKgvR4vrsD8vbvrbiQJps7fKDTkjkDry6ji0rUJjC0kzbNePLwzxq8iypo41qeWA==, registry: https://registry.npmjs.com/, tarball: https://registry.npmjs.org/base64-js/-/base64-js-1.5.1.tgz}
    name: base64-js
    version: 1.5.1
    dev: false

  registry.npmjs.org/bl/4.1.0:
    resolution: {integrity: sha512-1W07cM9gS6DcLperZfFSj+bWLtaPGSOHWhPiGzXmvVJbRLdG82sH/Kn8EtW1VqWVA54AKf2h5k5BbnIbwF3h6w==, registry: https://registry.npmjs.com/, tarball: https://registry.npmjs.org/bl/-/bl-4.1.0.tgz}
    name: bl
    version: 4.1.0
    dependencies:
      buffer: registry.npmjs.org/buffer/5.7.1
      inherits: registry.npmjs.org/inherits/2.0.4
      readable-stream: registry.npmjs.org/readable-stream/3.6.0
    dev: false

  registry.npmjs.org/brace-expansion/1.1.11:
    resolution: {integrity: sha512-iCuPHDFgrHX7H2vEI/5xpz07zSHB00TpugqhmYtVmMO6518mCuRMoOYFldEBl0g187ufozdaHgWKcYFb61qGiA==, registry: https://registry.npmjs.com/, tarball: https://registry.npmjs.org/brace-expansion/-/brace-expansion-1.1.11.tgz}
    name: brace-expansion
    version: 1.1.11
    dependencies:
      balanced-match: registry.npmjs.org/balanced-match/1.0.2
      concat-map: registry.npmjs.org/concat-map/0.0.1
    dev: false

  registry.npmjs.org/buffer-crc32/0.2.13:
    resolution: {integrity: sha512-VO9Ht/+p3SN7SKWqcrgEzjGbRSJYTx+Q1pTQC0wrWqHx0vpJraQ6GtHx8tvcg1rlK1byhU5gccxgOgj7B0TDkQ==, registry: https://registry.npmjs.com/, tarball: https://registry.npmjs.org/buffer-crc32/-/buffer-crc32-0.2.13.tgz}
    name: buffer-crc32
    version: 0.2.13
    dev: false

  registry.npmjs.org/buffer/5.7.1:
    resolution: {integrity: sha512-EHcyIPBQ4BSGlvjB16k5KgAJ27CIsHY/2JBmCRReo48y9rQ3MaUzWX3KVlBa4U7MyX02HdVj0K7C3WaB3ju7FQ==, registry: https://registry.npmjs.com/, tarball: https://registry.npmjs.org/buffer/-/buffer-5.7.1.tgz}
    name: buffer
    version: 5.7.1
    dependencies:
      base64-js: registry.npmjs.org/base64-js/1.5.1
      ieee754: registry.npmjs.org/ieee754/1.2.1
    dev: false

  registry.npmjs.org/caniuse-lite/1.0.30001361:
    resolution: {integrity: sha512-ybhCrjNtkFji1/Wto6SSJKkWk6kZgVQsDq5QI83SafsF6FXv2JB4df9eEdH6g8sdGgqTXrFLjAxqBGgYoU3azQ==, registry: https://registry.npmjs.com/, tarball: https://registry.npmjs.org/caniuse-lite/-/caniuse-lite-1.0.30001361.tgz}
    name: caniuse-lite
    version: 1.0.30001361
    dev: false

  registry.npmjs.org/chownr/1.1.4:
    resolution: {integrity: sha512-jJ0bqzaylmJtVnNgzTeSOs8DPavpbYgEr/b0YL8/2GO3xJEhInFmhKMUnEJQjZumK7KXGFhUy89PrsJWlakBVg==, registry: https://registry.npmjs.com/, tarball: https://registry.npmjs.org/chownr/-/chownr-1.1.4.tgz}
    name: chownr
    version: 1.1.4
    dev: false

  registry.npmjs.org/chrome-aws-lambda/10.1.0_puppeteer-core@15.3.0:
    resolution: {integrity: sha512-NZQVf+J4kqG4sVhRm3WNmOfzY0OtTSm+S8rg77pwePa9RCYHzhnzRs8YvNI6L9tALIW6RpmefWiPURt3vURXcw==, registry: https://registry.npmjs.com/, tarball: https://registry.npmjs.org/chrome-aws-lambda/-/chrome-aws-lambda-10.1.0.tgz}
    id: registry.npmjs.org/chrome-aws-lambda/10.1.0
    name: chrome-aws-lambda
    version: 10.1.0
    engines: {node: '>= 10.16'}
    peerDependencies:
      puppeteer-core: ^10.1.0
    dependencies:
      lambdafs: registry.npmjs.org/lambdafs/2.1.1
      puppeteer-core: registry.npmjs.org/puppeteer-core/15.3.0
    dev: false

  registry.npmjs.org/concat-map/0.0.1:
    resolution: {integrity: sha1-2Klr13/Wjfd5OnMDajug1UBdR3s=, registry: https://registry.npmjs.com/, tarball: https://registry.npmjs.org/concat-map/-/concat-map-0.0.1.tgz}
    name: concat-map
    version: 0.0.1
    dev: false

  registry.npmjs.org/cross-fetch/3.1.5:
    resolution: {integrity: sha512-lvb1SBsI0Z7GDwmuid+mU3kWVBwTVUbe7S0H52yaaAdQOXq2YktTCZdlAcNKFzE6QtRz0snpw9bNiPeOIkkQvw==, registry: https://registry.npmjs.com/, tarball: https://registry.npmjs.org/cross-fetch/-/cross-fetch-3.1.5.tgz}
    name: cross-fetch
    version: 3.1.5
    dependencies:
      node-fetch: registry.npmjs.org/node-fetch/2.6.7
    transitivePeerDependencies:
      - encoding
    dev: false

  registry.npmjs.org/debug/4.3.4:
    resolution: {integrity: sha512-PRWFHuSU3eDtQJPvnNY7Jcket1j0t5OuOsFzPPzsekD52Zl8qUfFIPEiswXqIvHWGVHOgX+7G/vCNNhehwxfkQ==, registry: https://registry.npmjs.com/, tarball: https://registry.npmjs.org/debug/-/debug-4.3.4.tgz}
    name: debug
    version: 4.3.4
    engines: {node: '>=6.0'}
    peerDependencies:
      supports-color: '*'
    peerDependenciesMeta:
      supports-color:
        optional: true
    dependencies:
      ms: registry.npmjs.org/ms/2.1.2
    dev: false

  registry.npmjs.org/devtools-protocol/0.0.1011705:
    resolution: {integrity: sha512-OKvTvu9n3swmgYshvsyVHYX0+aPzCoYUnyXUacfQMmFtBtBKewV/gT4I9jkAbpTqtTi2E4S9MXLlvzBDUlqg0Q==, registry: https://registry.npmjs.com/, tarball: https://registry.npmjs.org/devtools-protocol/-/devtools-protocol-0.0.1011705.tgz}
    name: devtools-protocol
    version: 0.0.1011705
    dev: false

  registry.npmjs.org/end-of-stream/1.4.4:
    resolution: {integrity: sha512-+uw1inIHVPQoaVuHzRyXd21icM+cnt4CzD5rW+NC1wjOUSTOs+Te7FOv7AhN7vS9x/oIyhLP5PR1H+phQAHu5Q==, registry: https://registry.npmjs.com/, tarball: https://registry.npmjs.org/end-of-stream/-/end-of-stream-1.4.4.tgz}
    name: end-of-stream
    version: 1.4.4
    dependencies:
      once: registry.npmjs.org/once/1.4.0
    dev: false

  registry.npmjs.org/extract-zip/2.0.1:
    resolution: {integrity: sha512-GDhU9ntwuKyGXdZBUgTIe+vXnWj0fppUEtMDL0+idd5Sta8TGpHssn/eusA9mrPr9qNDym6SxAYZjNvCn/9RBg==, registry: https://registry.npmjs.com/, tarball: https://registry.npmjs.org/extract-zip/-/extract-zip-2.0.1.tgz}
    name: extract-zip
    version: 2.0.1
    engines: {node: '>= 10.17.0'}
    hasBin: true
    dependencies:
      debug: registry.npmjs.org/debug/4.3.4
      get-stream: registry.npmjs.org/get-stream/5.2.0
      yauzl: registry.npmjs.org/yauzl/2.10.0
    optionalDependencies:
      '@types/yauzl': registry.npmjs.org/@types/yauzl/2.10.0
    transitivePeerDependencies:
      - supports-color
    dev: false

  registry.npmjs.org/fd-slicer/1.1.0:
    resolution: {integrity: sha512-cE1qsB/VwyQozZ+q1dGxR8LBYNZeofhEdUNGSMbQD3Gw2lAzX9Zb3uIU6Ebc/Fmyjo9AWWfnn0AUCHqtevs/8g==, registry: https://registry.npmjs.com/, tarball: https://registry.npmjs.org/fd-slicer/-/fd-slicer-1.1.0.tgz}
    name: fd-slicer
    version: 1.1.0
    dependencies:
      pend: registry.npmjs.org/pend/1.2.0
    dev: false

  registry.npmjs.org/find-up/4.1.0:
    resolution: {integrity: sha512-PpOwAdQ/YlXQ2vj8a3h8IipDuYRi3wceVQQGYWxNINccq40Anw7BlsEXCMbt1Zt+OLA6Fq9suIpIWD0OsnISlw==, registry: https://registry.npmjs.com/, tarball: https://registry.npmjs.org/find-up/-/find-up-4.1.0.tgz}
    name: find-up
    version: 4.1.0
    engines: {node: '>=8'}
    dependencies:
      locate-path: registry.npmjs.org/locate-path/5.0.0
      path-exists: registry.npmjs.org/path-exists/4.0.0
    dev: false

  registry.npmjs.org/fs-constants/1.0.0:
    resolution: {integrity: sha512-y6OAwoSIf7FyjMIv94u+b5rdheZEjzR63GTyZJm5qh4Bi+2YgwLCcI/fPFZkL5PSixOt6ZNKm+w+Hfp/Bciwow==, registry: https://registry.npmjs.com/, tarball: https://registry.npmjs.org/fs-constants/-/fs-constants-1.0.0.tgz}
    name: fs-constants
    version: 1.0.0
    dev: false

  registry.npmjs.org/fs.realpath/1.0.0:
    resolution: {integrity: sha512-OO0pH2lK6a0hZnAdau5ItzHPI6pUlvI7jMVnxUQRtw4owF2wk8lOSabtGDCTP4Ggrg2MbGnWO9X8K1t4+fGMDw==, registry: https://registry.npmjs.com/, tarball: https://registry.npmjs.org/fs.realpath/-/fs.realpath-1.0.0.tgz}
    name: fs.realpath
    version: 1.0.0
    dev: false

  registry.npmjs.org/get-stream/5.2.0:
    resolution: {integrity: sha512-nBF+F1rAZVCu/p7rjzgA+Yb4lfYXrpl7a6VmJrU8wF9I1CKvP/QwPNZHnOlwbTkY6dvtFIzFMSyQXbLoTQPRpA==, registry: https://registry.npmjs.com/, tarball: https://registry.npmjs.org/get-stream/-/get-stream-5.2.0.tgz}
    name: get-stream
    version: 5.2.0
    engines: {node: '>=8'}
    dependencies:
      pump: registry.npmjs.org/pump/3.0.0
    dev: false

  registry.npmjs.org/glob/7.2.3:
    resolution: {integrity: sha512-nFR0zLpU2YCaRxwoCJvL6UvCH2JFyFVIvwTLsIf21AuHlMskA1hhTdk+LlYJtOlYt9v6dvszD2BGRqBL+iQK9Q==, registry: https://registry.npmjs.com/, tarball: https://registry.npmjs.org/glob/-/glob-7.2.3.tgz}
    name: glob
    version: 7.2.3
    dependencies:
      fs.realpath: registry.npmjs.org/fs.realpath/1.0.0
      inflight: registry.npmjs.org/inflight/1.0.6
      inherits: registry.npmjs.org/inherits/2.0.4
      minimatch: registry.npmjs.org/minimatch/3.1.2
      once: registry.npmjs.org/once/1.4.0
      path-is-absolute: registry.npmjs.org/path-is-absolute/1.0.1
    dev: false

  registry.npmjs.org/https-proxy-agent/5.0.1:
    resolution: {integrity: sha512-dFcAjpTQFgoLMzC2VwU+C/CbS7uRL0lWmxDITmqm7C+7F0Odmj6s9l6alZc6AELXhrnggM2CeWSXHGOdX2YtwA==, registry: https://registry.npmjs.com/, tarball: https://registry.npmjs.org/https-proxy-agent/-/https-proxy-agent-5.0.1.tgz}
    name: https-proxy-agent
    version: 5.0.1
    engines: {node: '>= 6'}
    dependencies:
      agent-base: registry.npmjs.org/agent-base/6.0.2
      debug: registry.npmjs.org/debug/4.3.4
    transitivePeerDependencies:
      - supports-color
    dev: false

  registry.npmjs.org/ieee754/1.2.1:
    resolution: {integrity: sha512-dcyqhDvX1C46lXZcVqCpK+FtMRQVdIMN6/Df5js2zouUsqG7I6sFxitIC+7KYK29KdXOLHdu9zL4sFnoVQnqaA==, registry: https://registry.npmjs.com/, tarball: https://registry.npmjs.org/ieee754/-/ieee754-1.2.1.tgz}
    name: ieee754
    version: 1.2.1
    dev: false

  registry.npmjs.org/inflight/1.0.6:
    resolution: {integrity: sha512-k92I/b08q4wvFscXCLvqfsHCrjrF7yiXsQuIVvVE7N82W3+aqpzuUdBbfhWcy/FZR3/4IgflMgKLOsvPDrGCJA==, registry: https://registry.npmjs.com/, tarball: https://registry.npmjs.org/inflight/-/inflight-1.0.6.tgz}
    name: inflight
    version: 1.0.6
    dependencies:
      once: registry.npmjs.org/once/1.4.0
      wrappy: registry.npmjs.org/wrappy/1.0.2
    dev: false

  registry.npmjs.org/inherits/2.0.4:
    resolution: {integrity: sha512-k/vGaX4/Yla3WzyMCvTQOXYeIHvqOKtnqBduzTHpzpQZzAskKMhZ2K+EnBiSM9zGSoIFeMpXKxa4dYeZIQqewQ==, registry: https://registry.npmjs.com/, tarball: https://registry.npmjs.org/inherits/-/inherits-2.0.4.tgz}
    name: inherits
    version: 2.0.4
    dev: false

  registry.npmjs.org/js-tokens/4.0.0:
    resolution: {integrity: sha512-RdJUflcE3cUzKiMqQgsCu06FPu9UdIJO0beYbPhHN4k6apgJtifcoCtT9bcxOpYBtpD2kCM6Sbzg4CausW/PKQ==, registry: https://registry.npmjs.com/, tarball: https://registry.npmjs.org/js-tokens/-/js-tokens-4.0.0.tgz}
    name: js-tokens
    version: 4.0.0
    dev: false

  registry.npmjs.org/lambdafs/2.1.1:
    resolution: {integrity: sha512-x5k8JcoJWkWLvCVBzrl4pzvkEHSgSBqFjg3Dpsc4AcTMq7oUMym4cL/gRTZ6VM4mUMY+M0dIbQ+V1c1tsqqanQ==, registry: https://registry.npmjs.com/, tarball: https://registry.npmjs.org/lambdafs/-/lambdafs-2.1.1.tgz}
    name: lambdafs
    version: 2.1.1
    engines: {node: '>= 10.16'}
    hasBin: true
    dev: false
    bundledDependencies:
      - tar-fs

  registry.npmjs.org/locate-path/5.0.0:
    resolution: {integrity: sha512-t7hw9pI+WvuwNJXwk5zVHpyhIqzg2qTlklJOf0mVxGSbe3Fp2VieZcduNYjaLDoy6p9uGpQEGWG87WpMKlNq8g==, registry: https://registry.npmjs.com/, tarball: https://registry.npmjs.org/locate-path/-/locate-path-5.0.0.tgz}
    name: locate-path
    version: 5.0.0
    engines: {node: '>=8'}
    dependencies:
      p-locate: registry.npmjs.org/p-locate/4.1.0
    dev: false

  registry.npmjs.org/loose-envify/1.4.0:
    resolution: {integrity: sha512-lyuxPGr/Wfhrlem2CL/UcnUc1zcqKAImBDzukY7Y5F/yQiNdko6+fRLevlw1HgMySw7f611UIY408EtxRSoK3Q==, registry: https://registry.npmjs.com/, tarball: https://registry.npmjs.org/loose-envify/-/loose-envify-1.4.0.tgz}
    name: loose-envify
    version: 1.4.0
    hasBin: true
    dependencies:
      js-tokens: registry.npmjs.org/js-tokens/4.0.0
    dev: false

  registry.npmjs.org/minimatch/3.1.2:
    resolution: {integrity: sha512-J7p63hRiAjw1NDEww1W7i37+ByIrOWO5XQQAzZ3VOcL0PNybwpfmV/N05zFAzwQ9USyEcX6t3UO+K5aqBQOIHw==, registry: https://registry.npmjs.com/, tarball: https://registry.npmjs.org/minimatch/-/minimatch-3.1.2.tgz}
    name: minimatch
    version: 3.1.2
    dependencies:
      brace-expansion: registry.npmjs.org/brace-expansion/1.1.11
    dev: false

  registry.npmjs.org/mkdirp-classic/0.5.3:
    resolution: {integrity: sha512-gKLcREMhtuZRwRAfqP3RFW+TK4JqApVBtOIftVgjuABpAtpxhPGaDcfvbhNvD0B8iD1oUr/txX35NjcaY6Ns/A==, registry: https://registry.npmjs.com/, tarball: https://registry.npmjs.org/mkdirp-classic/-/mkdirp-classic-0.5.3.tgz}
    name: mkdirp-classic
    version: 0.5.3
    dev: false

  registry.npmjs.org/ms/2.1.2:
    resolution: {integrity: sha512-sGkPx+VjMtmA6MX27oA4FBFELFCZZ4S4XqeGOXCv68tT+jb3vk/RyaKWP0PTKyWtmLSM0b+adUTEvbs1PEaH2w==, registry: https://registry.npmjs.com/, tarball: https://registry.npmjs.org/ms/-/ms-2.1.2.tgz}
    name: ms
    version: 2.1.2
    dev: false

  registry.npmjs.org/nanoid/3.3.4:
    resolution: {integrity: sha512-MqBkQh/OHTS2egovRtLk45wEyNXwF+cokD+1YPf9u5VfJiRdAiRwB2froX5Co9Rh20xs4siNPm8naNotSD6RBw==, registry: https://registry.npmjs.com/, tarball: https://registry.npmjs.org/nanoid/-/nanoid-3.3.4.tgz}
    name: nanoid
    version: 3.3.4
    engines: {node: ^10 || ^12 || ^13.7 || ^14 || >=15.0.1}
    hasBin: true
    dev: false

  registry.npmjs.org/next/12.2.0_biqbaboplfbrettd7655fr4n2y:
    resolution: {integrity: sha512-B4j7D3SHYopLYx6/Ark0fenwIar9tEaZZFAaxmKjgcMMexhVJzB3jt7X+6wcdXPPMeUD6r09weUtnDpjox/vIA==, registry: https://registry.npmjs.com/, tarball: https://registry.npmjs.org/next/-/next-12.2.0.tgz}
    id: registry.npmjs.org/next/12.2.0
    name: next
    version: 12.2.0
    engines: {node: '>=12.22.0'}
    hasBin: true
    peerDependencies:
      fibers: '>= 3.1.0'
      node-sass: ^6.0.0 || ^7.0.0
      react: ^17.0.2 || ^18.0.0-0
      react-dom: ^17.0.2 || ^18.0.0-0
      sass: ^1.3.0
    peerDependenciesMeta:
      fibers:
        optional: true
      node-sass:
        optional: true
      sass:
        optional: true
    dependencies:
      '@next/env': registry.npmjs.org/@next/env/12.2.0
      '@swc/helpers': registry.npmjs.org/@swc/helpers/0.4.2
      caniuse-lite: registry.npmjs.org/caniuse-lite/1.0.30001361
      postcss: registry.npmjs.org/postcss/8.4.5
      react: registry.npmjs.org/react/18.2.0
      react-dom: registry.npmjs.org/react-dom/18.2.0_react@18.2.0
      styled-jsx: registry.npmjs.org/styled-jsx/5.0.2_react@18.2.0
      use-sync-external-store: registry.npmjs.org/use-sync-external-store/1.1.0_react@18.2.0
    optionalDependencies:
      '@next/swc-android-arm-eabi': registry.npmjs.org/@next/swc-android-arm-eabi/12.2.0
      '@next/swc-android-arm64': registry.npmjs.org/@next/swc-android-arm64/12.2.0
      '@next/swc-darwin-arm64': registry.npmjs.org/@next/swc-darwin-arm64/12.2.0
      '@next/swc-darwin-x64': registry.npmjs.org/@next/swc-darwin-x64/12.2.0
      '@next/swc-freebsd-x64': registry.npmjs.org/@next/swc-freebsd-x64/12.2.0
      '@next/swc-linux-arm-gnueabihf': registry.npmjs.org/@next/swc-linux-arm-gnueabihf/12.2.0
      '@next/swc-linux-arm64-gnu': registry.npmjs.org/@next/swc-linux-arm64-gnu/12.2.0
      '@next/swc-linux-arm64-musl': registry.npmjs.org/@next/swc-linux-arm64-musl/12.2.0
      '@next/swc-linux-x64-gnu': registry.npmjs.org/@next/swc-linux-x64-gnu/12.2.0
      '@next/swc-linux-x64-musl': registry.npmjs.org/@next/swc-linux-x64-musl/12.2.0
      '@next/swc-win32-arm64-msvc': registry.npmjs.org/@next/swc-win32-arm64-msvc/12.2.0
      '@next/swc-win32-ia32-msvc': registry.npmjs.org/@next/swc-win32-ia32-msvc/12.2.0
      '@next/swc-win32-x64-msvc': registry.npmjs.org/@next/swc-win32-x64-msvc/12.2.0
    transitivePeerDependencies:
      - '@babel/core'
      - babel-plugin-macros
    dev: false

  registry.npmjs.org/node-fetch/2.6.7:
    resolution: {integrity: sha512-ZjMPFEfVx5j+y2yF35Kzx5sF7kDzxuDj6ziH4FFbOp87zKDZNx8yExJIb05OGF4Nlt9IHFIMBkRl41VdvcNdbQ==, registry: https://registry.npmjs.com/, tarball: https://registry.npmjs.org/node-fetch/-/node-fetch-2.6.7.tgz}
    name: node-fetch
    version: 2.6.7
    engines: {node: 4.x || >=6.0.0}
    peerDependencies:
      encoding: ^0.1.0
    peerDependenciesMeta:
      encoding:
        optional: true
    dependencies:
      whatwg-url: registry.npmjs.org/whatwg-url/5.0.0
    dev: false

  registry.npmjs.org/once/1.4.0:
    resolution: {integrity: sha512-lNaJgI+2Q5URQBkccEKHTQOPaXdUxnZZElQTZY0MFUAuaEqe1E+Nyvgdz/aIyNi6Z9MzO5dv1H8n58/GELp3+w==, registry: https://registry.npmjs.com/, tarball: https://registry.npmjs.org/once/-/once-1.4.0.tgz}
    name: once
    version: 1.4.0
    dependencies:
      wrappy: registry.npmjs.org/wrappy/1.0.2
    dev: false

  registry.npmjs.org/p-limit/2.3.0:
    resolution: {integrity: sha512-//88mFWSJx8lxCzwdAABTJL2MyWB12+eIY7MDL2SqLmAkeKU9qxRvWuSyTjm3FUmpBEMuFfckAIqEaVGUDxb6w==, registry: https://registry.npmjs.com/, tarball: https://registry.npmjs.org/p-limit/-/p-limit-2.3.0.tgz}
    name: p-limit
    version: 2.3.0
    engines: {node: '>=6'}
    dependencies:
      p-try: registry.npmjs.org/p-try/2.2.0
    dev: false

  registry.npmjs.org/p-locate/4.1.0:
    resolution: {integrity: sha512-R79ZZ/0wAxKGu3oYMlz8jy/kbhsNrS7SKZ7PxEHBgJ5+F2mtFW2fK2cOtBh1cHYkQsbzFV7I+EoRKe6Yt0oK7A==, registry: https://registry.npmjs.com/, tarball: https://registry.npmjs.org/p-locate/-/p-locate-4.1.0.tgz}
    name: p-locate
    version: 4.1.0
    engines: {node: '>=8'}
    dependencies:
      p-limit: registry.npmjs.org/p-limit/2.3.0
    dev: false

  registry.npmjs.org/p-try/2.2.0:
    resolution: {integrity: sha512-R4nPAVTAU0B9D35/Gk3uJf/7XYbQcyohSKdvAxIRSNghFl4e71hVoGnBNQz9cWaXxO2I10KTC+3jMdvvoKw6dQ==, registry: https://registry.npmjs.com/, tarball: https://registry.npmjs.org/p-try/-/p-try-2.2.0.tgz}
    name: p-try
    version: 2.2.0
    engines: {node: '>=6'}
    dev: false

  registry.npmjs.org/path-exists/4.0.0:
    resolution: {integrity: sha512-ak9Qy5Q7jYb2Wwcey5Fpvg2KoAc/ZIhLSLOSBmRmygPsGwkVVt0fZa0qrtMz+m6tJTAHfZQ8FnmB4MG4LWy7/w==, registry: https://registry.npmjs.com/, tarball: https://registry.npmjs.org/path-exists/-/path-exists-4.0.0.tgz}
    name: path-exists
    version: 4.0.0
    engines: {node: '>=8'}
    dev: false

  registry.npmjs.org/path-is-absolute/1.0.1:
    resolution: {integrity: sha512-AVbw3UJ2e9bq64vSaS9Am0fje1Pa8pbGqTTsmXfaIiMpnr5DlDhfJOuLj9Sf95ZPVDAUerDfEk88MPmPe7UCQg==, registry: https://registry.npmjs.com/, tarball: https://registry.npmjs.org/path-is-absolute/-/path-is-absolute-1.0.1.tgz}
    name: path-is-absolute
    version: 1.0.1
    engines: {node: '>=0.10.0'}
    dev: false

  registry.npmjs.org/pend/1.2.0:
    resolution: {integrity: sha512-F3asv42UuXchdzt+xXqfW1OGlVBe+mxa2mqI0pg5yAHZPvFmY3Y6drSf/GQ1A86WgWEN9Kzh/WrgKa6iGcHXLg==, registry: https://registry.npmjs.com/, tarball: https://registry.npmjs.org/pend/-/pend-1.2.0.tgz}
    name: pend
    version: 1.2.0
    dev: false

  registry.npmjs.org/picocolors/1.0.0:
    resolution: {integrity: sha512-1fygroTLlHu66zi26VoTDv8yRgm0Fccecssto+MhsZ0D/DGW2sm8E8AjW7NU5VVTRt5GxbeZ5qBuJr+HyLYkjQ==, registry: https://registry.npmjs.com/, tarball: https://registry.npmjs.org/picocolors/-/picocolors-1.0.0.tgz}
    name: picocolors
    version: 1.0.0
    dev: false

  registry.npmjs.org/pkg-dir/4.2.0:
    resolution: {integrity: sha512-HRDzbaKjC+AOWVXxAU/x54COGeIv9eb+6CkDSQoNTt4XyWoIJvuPsXizxu/Fr23EiekbtZwmh1IcIG/l/a10GQ==, registry: https://registry.npmjs.com/, tarball: https://registry.npmjs.org/pkg-dir/-/pkg-dir-4.2.0.tgz}
    name: pkg-dir
    version: 4.2.0
    engines: {node: '>=8'}
    dependencies:
      find-up: registry.npmjs.org/find-up/4.1.0
    dev: false

  registry.npmjs.org/postcss/8.4.5:
    resolution: {integrity: sha512-jBDboWM8qpaqwkMwItqTQTiFikhs/67OYVvblFFTM7MrZjt6yMKd6r2kgXizEbTTljacm4NldIlZnhbjr84QYg==, registry: https://registry.npmjs.com/, tarball: https://registry.npmjs.org/postcss/-/postcss-8.4.5.tgz}
    name: postcss
    version: 8.4.5
    engines: {node: ^10 || ^12 || >=14}
    dependencies:
      nanoid: registry.npmjs.org/nanoid/3.3.4
      picocolors: registry.npmjs.org/picocolors/1.0.0
      source-map-js: registry.npmjs.org/source-map-js/1.0.2
    dev: false

  registry.npmjs.org/progress/2.0.3:
    resolution: {integrity: sha512-7PiHtLll5LdnKIMw100I+8xJXR5gW2QwWYkT6iJva0bXitZKa/XMrSbdmg3r2Xnaidz9Qumd0VPaMrZlF9V9sA==, registry: https://registry.npmjs.com/, tarball: https://registry.npmjs.org/progress/-/progress-2.0.3.tgz}
    name: progress
    version: 2.0.3
    engines: {node: '>=0.4.0'}
    dev: false

  registry.npmjs.org/proxy-from-env/1.1.0:
    resolution: {integrity: sha512-D+zkORCbA9f1tdWRK0RaCR3GPv50cMxcrz4X8k5LTSUD1Dkw47mKJEZQNunItRTkWwgtaUSo1RVFRIG9ZXiFYg==, registry: https://registry.npmjs.com/, tarball: https://registry.npmjs.org/proxy-from-env/-/proxy-from-env-1.1.0.tgz}
    name: proxy-from-env
    version: 1.1.0
    dev: false

  registry.npmjs.org/pump/3.0.0:
    resolution: {integrity: sha512-LwZy+p3SFs1Pytd/jYct4wpv49HiYCqd9Rlc5ZVdk0V+8Yzv6jR5Blk3TRmPL1ft69TxP0IMZGJ+WPFU2BFhww==, registry: https://registry.npmjs.com/, tarball: https://registry.npmjs.org/pump/-/pump-3.0.0.tgz}
    name: pump
    version: 3.0.0
    dependencies:
      end-of-stream: registry.npmjs.org/end-of-stream/1.4.4
      once: registry.npmjs.org/once/1.4.0
    dev: false

  registry.npmjs.org/puppeteer-core/15.3.0:
    resolution: {integrity: sha512-MClDfaCnEJU6eRVrnHuklBrdsxC4cCuRLbplZDcLSZ1qGGtHpkfWOTf8wKDa5bpE8430wO5somDPAM0R45VF3g==, registry: https://registry.npmjs.com/, tarball: https://registry.npmjs.org/puppeteer-core/-/puppeteer-core-15.3.0.tgz}
    name: puppeteer-core
    version: 15.3.0
    engines: {node: '>=14.1.0'}
    dependencies:
      cross-fetch: registry.npmjs.org/cross-fetch/3.1.5
      debug: registry.npmjs.org/debug/4.3.4
      devtools-protocol: registry.npmjs.org/devtools-protocol/0.0.1011705
      extract-zip: registry.npmjs.org/extract-zip/2.0.1
      https-proxy-agent: registry.npmjs.org/https-proxy-agent/5.0.1
      pkg-dir: registry.npmjs.org/pkg-dir/4.2.0
      progress: registry.npmjs.org/progress/2.0.3
      proxy-from-env: registry.npmjs.org/proxy-from-env/1.1.0
      rimraf: registry.npmjs.org/rimraf/3.0.2
      tar-fs: registry.npmjs.org/tar-fs/2.1.1
      unbzip2-stream: registry.npmjs.org/unbzip2-stream/1.4.3
      ws: registry.npmjs.org/ws/8.8.0
    transitivePeerDependencies:
      - bufferutil
      - encoding
      - supports-color
      - utf-8-validate
    dev: false

  registry.npmjs.org/react-dom/18.2.0_react@18.2.0:
    resolution: {integrity: sha512-6IMTriUmvsjHUjNtEDudZfuDQUoWXVxKHhlEGSk81n4YFS+r/Kl99wXiwlVXtPBtJenozv2P+hxDsw9eA7Xo6g==, registry: https://registry.npmjs.com/, tarball: https://registry.npmjs.org/react-dom/-/react-dom-18.2.0.tgz}
    id: registry.npmjs.org/react-dom/18.2.0
    name: react-dom
    version: 18.2.0
    peerDependencies:
      react: ^18.2.0
    dependencies:
      loose-envify: registry.npmjs.org/loose-envify/1.4.0
      react: registry.npmjs.org/react/18.2.0
      scheduler: registry.npmjs.org/scheduler/0.23.0
    dev: false

  registry.npmjs.org/react/18.2.0:
    resolution: {integrity: sha512-/3IjMdb2L9QbBdWiW5e3P2/npwMBaU9mHCSCUzNln0ZCYbcfTsGbTJrU/kGemdH2IWmB2ioZ+zkxtmq6g09fGQ==, registry: https://registry.npmjs.com/, tarball: https://registry.npmjs.org/react/-/react-18.2.0.tgz}
    name: react
    version: 18.2.0
    engines: {node: '>=0.10.0'}
    dependencies:
      loose-envify: registry.npmjs.org/loose-envify/1.4.0
    dev: false

  registry.npmjs.org/readable-stream/3.6.0:
    resolution: {integrity: sha512-BViHy7LKeTz4oNnkcLJ+lVSL6vpiFeX6/d3oSH8zCW7UxP2onchk+vTGB143xuFjHS3deTgkKoXXymXqymiIdA==, registry: https://registry.npmjs.com/, tarball: https://registry.npmjs.org/readable-stream/-/readable-stream-3.6.0.tgz}
    name: readable-stream
    version: 3.6.0
    engines: {node: '>= 6'}
    dependencies:
      inherits: registry.npmjs.org/inherits/2.0.4
      string_decoder: registry.npmjs.org/string_decoder/1.3.0
      util-deprecate: registry.npmjs.org/util-deprecate/1.0.2
    dev: false

  registry.npmjs.org/rimraf/3.0.2:
    resolution: {integrity: sha512-JZkJMZkAGFFPP2YqXZXPbMlMBgsxzE8ILs4lMIX/2o0L9UBw9O/Y3o6wFw/i9YLapcUJWwqbi3kdxIPdC62TIA==, registry: https://registry.npmjs.com/, tarball: https://registry.npmjs.org/rimraf/-/rimraf-3.0.2.tgz}
    name: rimraf
    version: 3.0.2
    hasBin: true
    dependencies:
      glob: registry.npmjs.org/glob/7.2.3
    dev: false

  registry.npmjs.org/safe-buffer/5.2.1:
    resolution: {integrity: sha512-rp3So07KcdmmKbGvgaNxQSJr7bGVSVk5S9Eq1F+ppbRo70+YeaDxkw5Dd8NPN+GD6bjnYm2VuPuCXmpuYvmCXQ==, registry: https://registry.npmjs.com/, tarball: https://registry.npmjs.org/safe-buffer/-/safe-buffer-5.2.1.tgz}
    name: safe-buffer
    version: 5.2.1
    dev: false

  registry.npmjs.org/scheduler/0.23.0:
    resolution: {integrity: sha512-CtuThmgHNg7zIZWAXi3AsyIzA3n4xx7aNyjwC2VJldO2LMVDhFK+63xGqq6CsJH4rTAt6/M+N4GhZiDYPx9eUw==, registry: https://registry.npmjs.com/, tarball: https://registry.npmjs.org/scheduler/-/scheduler-0.23.0.tgz}
    name: scheduler
    version: 0.23.0
    dependencies:
      loose-envify: registry.npmjs.org/loose-envify/1.4.0
    dev: false

  registry.npmjs.org/source-map-js/1.0.2:
    resolution: {integrity: sha512-R0XvVJ9WusLiqTCEiGCmICCMplcCkIwwR11mOSD9CR5u+IXYdiseeEuXCVAjS54zqwkLcPNnmU4OeJ6tUrWhDw==, registry: https://registry.npmjs.com/, tarball: https://registry.npmjs.org/source-map-js/-/source-map-js-1.0.2.tgz}
    name: source-map-js
    version: 1.0.2
    engines: {node: '>=0.10.0'}
    dev: false

  registry.npmjs.org/string_decoder/1.3.0:
    resolution: {integrity: sha512-hkRX8U1WjJFd8LsDJ2yQ/wWWxaopEsABU1XfkM8A+j0+85JAGppt16cr1Whg6KIbb4okU6Mql6BOj+uup/wKeA==, registry: https://registry.npmjs.com/, tarball: https://registry.npmjs.org/string_decoder/-/string_decoder-1.3.0.tgz}
    name: string_decoder
    version: 1.3.0
    dependencies:
      safe-buffer: registry.npmjs.org/safe-buffer/5.2.1
    dev: false

  registry.npmjs.org/styled-jsx/5.0.2_react@18.2.0:
    resolution: {integrity: sha512-LqPQrbBh3egD57NBcHET4qcgshPks+yblyhPlH2GY8oaDgKs8SK4C3dBh3oSJjgzJ3G5t1SYEZGHkP+QEpX9EQ==, registry: https://registry.npmjs.com/, tarball: https://registry.npmjs.org/styled-jsx/-/styled-jsx-5.0.2.tgz}
    id: registry.npmjs.org/styled-jsx/5.0.2
    name: styled-jsx
    version: 5.0.2
    engines: {node: '>= 12.0.0'}
    peerDependencies:
      '@babel/core': '*'
      babel-plugin-macros: '*'
      react: '>= 16.8.0 || 17.x.x || ^18.0.0-0'
    peerDependenciesMeta:
      '@babel/core':
        optional: true
      babel-plugin-macros:
        optional: true
    dependencies:
      react: registry.npmjs.org/react/18.2.0
    dev: false

  registry.npmjs.org/tar-fs/2.1.1:
    resolution: {integrity: sha512-V0r2Y9scmbDRLCNex/+hYzvp/zyYjvFbHPNgVTKfQvVrb6guiE/fxP+XblDNR011utopbkex2nM4dHNV6GDsng==, registry: https://registry.npmjs.com/, tarball: https://registry.npmjs.org/tar-fs/-/tar-fs-2.1.1.tgz}
    name: tar-fs
    version: 2.1.1
    dependencies:
      chownr: registry.npmjs.org/chownr/1.1.4
      mkdirp-classic: registry.npmjs.org/mkdirp-classic/0.5.3
      pump: registry.npmjs.org/pump/3.0.0
      tar-stream: registry.npmjs.org/tar-stream/2.2.0
    dev: false

  registry.npmjs.org/tar-stream/2.2.0:
    resolution: {integrity: sha512-ujeqbceABgwMZxEJnk2HDY2DlnUZ+9oEcb1KzTVfYHio0UE6dG71n60d8D2I4qNvleWrrXpmjpt7vZeF1LnMZQ==, registry: https://registry.npmjs.com/, tarball: https://registry.npmjs.org/tar-stream/-/tar-stream-2.2.0.tgz}
    name: tar-stream
    version: 2.2.0
    engines: {node: '>=6'}
    dependencies:
      bl: registry.npmjs.org/bl/4.1.0
      end-of-stream: registry.npmjs.org/end-of-stream/1.4.4
      fs-constants: registry.npmjs.org/fs-constants/1.0.0
      inherits: registry.npmjs.org/inherits/2.0.4
      readable-stream: registry.npmjs.org/readable-stream/3.6.0
    dev: false

  registry.npmjs.org/through/2.3.8:
    resolution: {integrity: sha512-w89qg7PI8wAdvX60bMDP+bFoD5Dvhm9oLheFp5O4a2QF0cSBGsBX4qZmadPMvVqlLJBBci+WqGGOAPvcDeNSVg==, registry: https://registry.npmjs.com/, tarball: https://registry.npmjs.org/through/-/through-2.3.8.tgz}
    name: through
    version: 2.3.8
    dev: false

  registry.npmjs.org/tr46/0.0.3:
    resolution: {integrity: sha512-N3WMsuqV66lT30CrXNbEjx4GEwlow3v6rr4mCcv6prnfwhS01rkgyFdjPNBYd9br7LpXV1+Emh01fHnq2Gdgrw==, registry: https://registry.npmjs.com/, tarball: https://registry.npmjs.org/tr46/-/tr46-0.0.3.tgz}
    name: tr46
    version: 0.0.3
    dev: false

  registry.npmjs.org/tslib/2.4.0:
    resolution: {integrity: sha512-d6xOpEDfsi2CZVlPQzGeux8XMwLT9hssAsaPYExaQMuYskwb+x1x7J371tWlbBdWHroy99KnVB6qIkUbs5X3UQ==, registry: https://registry.npmjs.com/, tarball: https://registry.npmjs.org/tslib/-/tslib-2.4.0.tgz}
    name: tslib
    version: 2.4.0
    dev: false

  registry.npmjs.org/unbzip2-stream/1.4.3:
    resolution: {integrity: sha512-mlExGW4w71ebDJviH16lQLtZS32VKqsSfk80GCfUlwT/4/hNRFsoscrF/c++9xinkMzECL1uL9DDwXqFWkruPg==, registry: https://registry.npmjs.com/, tarball: https://registry.npmjs.org/unbzip2-stream/-/unbzip2-stream-1.4.3.tgz}
    name: unbzip2-stream
    version: 1.4.3
    dependencies:
      buffer: registry.npmjs.org/buffer/5.7.1
      through: registry.npmjs.org/through/2.3.8
    dev: false

  registry.npmjs.org/use-sync-external-store/1.1.0_react@18.2.0:
    resolution: {integrity: sha512-SEnieB2FPKEVne66NpXPd1Np4R1lTNKfjuy3XdIoPQKYBAFdzbzSZlSn1KJZUiihQLQC5Znot4SBz1EOTBwQAQ==, registry: https://registry.npmjs.com/, tarball: https://registry.npmjs.org/use-sync-external-store/-/use-sync-external-store-1.1.0.tgz}
    id: registry.npmjs.org/use-sync-external-store/1.1.0
    name: use-sync-external-store
    version: 1.1.0
    peerDependencies:
      react: ^16.8.0 || ^17.0.0 || ^18.0.0
    dependencies:
      react: registry.npmjs.org/react/18.2.0
    dev: false

  registry.npmjs.org/util-deprecate/1.0.2:
    resolution: {integrity: sha512-EPD5q1uXyFxJpCrLnCc1nHnq3gOa6DZBocAIiI2TaSCA7VCJ1UJDMagCzIkXNsUYfD1daK//LTEQ8xiIbrHtcw==, registry: https://registry.npmjs.com/, tarball: https://registry.npmjs.org/util-deprecate/-/util-deprecate-1.0.2.tgz}
    name: util-deprecate
    version: 1.0.2
    dev: false

  registry.npmjs.org/webidl-conversions/3.0.1:
    resolution: {integrity: sha512-2JAn3z8AR6rjK8Sm8orRC0h/bcl/DqL7tRPdGZ4I1CjdF+EaMLmYxBHyXuKL849eucPFhvBoxMsflfOb8kxaeQ==, registry: https://registry.npmjs.com/, tarball: https://registry.npmjs.org/webidl-conversions/-/webidl-conversions-3.0.1.tgz}
    name: webidl-conversions
    version: 3.0.1
    dev: false

  registry.npmjs.org/whatwg-url/5.0.0:
    resolution: {integrity: sha512-saE57nupxk6v3HY35+jzBwYa0rKSy0XR8JSxZPwgLr7ys0IBzhGviA1/TUGJLmSVqs8pb9AnvICXEuOHLprYTw==, registry: https://registry.npmjs.com/, tarball: https://registry.npmjs.org/whatwg-url/-/whatwg-url-5.0.0.tgz}
    name: whatwg-url
    version: 5.0.0
    dependencies:
      tr46: registry.npmjs.org/tr46/0.0.3
      webidl-conversions: registry.npmjs.org/webidl-conversions/3.0.1
    dev: false

  registry.npmjs.org/wrappy/1.0.2:
    resolution: {integrity: sha512-l4Sp/DRseor9wL6EvV2+TuQn63dMkPjZ/sp9XkghTEbV9KlPS1xUsZ3u7/IQO4wxtcFB4bgpQPRcR3QCvezPcQ==, registry: https://registry.npmjs.com/, tarball: https://registry.npmjs.org/wrappy/-/wrappy-1.0.2.tgz}
    name: wrappy
    version: 1.0.2
    dev: false

  registry.npmjs.org/ws/8.8.0:
    resolution: {integrity: sha512-JDAgSYQ1ksuwqfChJusw1LSJ8BizJ2e/vVu5Lxjq3YvNJNlROv1ui4i+c/kUUrPheBvQl4c5UbERhTwKa6QBJQ==, registry: https://registry.npmjs.com/, tarball: https://registry.npmjs.org/ws/-/ws-8.8.0.tgz}
    name: ws
    version: 8.8.0
    engines: {node: '>=10.0.0'}
    peerDependencies:
      bufferutil: ^4.0.1
      utf-8-validate: ^5.0.2
    peerDependenciesMeta:
      bufferutil:
        optional: true
      utf-8-validate:
        optional: true
    dev: false

  registry.npmjs.org/yauzl/2.10.0:
    resolution: {integrity: sha512-p4a9I6X6nu6IhoGmBqAcbJy1mlC4j27vEPZX9F4L4/vZT3Lyq1VkFHw/V/PUcB9Buo+DG3iHkT0x3Qya58zc3g==, registry: https://registry.npmjs.com/, tarball: https://registry.npmjs.org/yauzl/-/yauzl-2.10.0.tgz}
    name: yauzl
    version: 2.10.0
    dependencies:
      buffer-crc32: registry.npmjs.org/buffer-crc32/0.2.13
      fd-slicer: registry.npmjs.org/fd-slicer/1.1.0
    dev: false
